// !$*UTF8*$!
{
	archiveVersion = 1;
	classes = {
	};
	objectVersion = 50;
	objects = {

/* Begin PBXBuildFile section */
		620A2D0B2632ED4A004A9AFE /* TouchdownApp.swift in Sources */ = {isa = PBXBuildFile; fileRef = 620A2D0A2632ED4A004A9AFE /* TouchdownApp.swift */; };
		620A2D0D2632ED4A004A9AFE /* ContentView.swift in Sources */ = {isa = PBXBuildFile; fileRef = 620A2D0C2632ED4A004A9AFE /* ContentView.swift */; };
		620A2D0F2632ED4C004A9AFE /* Assets.xcassets in Resources */ = {isa = PBXBuildFile; fileRef = 620A2D0E2632ED4C004A9AFE /* Assets.xcassets */; };
		620A2D122632ED4C004A9AFE /* Preview Assets.xcassets in Resources */ = {isa = PBXBuildFile; fileRef = 620A2D112632ED4C004A9AFE /* Preview Assets.xcassets */; };
		620A2D1E2632EEE6004A9AFE /* product.json in Resources */ = {isa = PBXBuildFile; fileRef = 620A2D1A2632EEE6004A9AFE /* product.json */; };
		620A2D1F2632EEE6004A9AFE /* category.json in Resources */ = {isa = PBXBuildFile; fileRef = 620A2D1B2632EEE6004A9AFE /* category.json */; };
		620A2D202632EEE6004A9AFE /* player.json in Resources */ = {isa = PBXBuildFile; fileRef = 620A2D1C2632EEE6004A9AFE /* player.json */; };
		620A2D212632EEE6004A9AFE /* brand.json in Resources */ = {isa = PBXBuildFile; fileRef = 620A2D1D2632EEE6004A9AFE /* brand.json */; };
		620A2D302632F335004A9AFE /* Constant.swift in Sources */ = {isa = PBXBuildFile; fileRef = 620A2D2F2632F335004A9AFE /* Constant.swift */; };
		620A2D332632F450004A9AFE /* FooterView.swift in Sources */ = {isa = PBXBuildFile; fileRef = 620A2D322632F450004A9AFE /* FooterView.swift */; };
		620A2D362632FADF004A9AFE /* NavigationBarView.swift in Sources */ = {isa = PBXBuildFile; fileRef = 620A2D352632FADF004A9AFE /* NavigationBarView.swift */; };
		620A2D392632FCF6004A9AFE /* LogoView.swift in Sources */ = {isa = PBXBuildFile; fileRef = 620A2D382632FCF6004A9AFE /* LogoView.swift */; };
		620A2D3C263308FD004A9AFE /* PlayerModel.swift in Sources */ = {isa = PBXBuildFile; fileRef = 620A2D3B263308FD004A9AFE /* PlayerModel.swift */; };
		620A2D3F26330B37004A9AFE /* CodableBundleExtension.swift in Sources */ = {isa = PBXBuildFile; fileRef = 620A2D3E26330B37004A9AFE /* CodableBundleExtension.swift */; };
		620A2D4226330DFC004A9AFE /* FeaturedItemView.swift in Sources */ = {isa = PBXBuildFile; fileRef = 620A2D4126330DFC004A9AFE /* FeaturedItemView.swift */; };
		620A2D462633102B004A9AFE /* FeaturedTabView.swift in Sources */ = {isa = PBXBuildFile; fileRef = 620A2D452633102B004A9AFE /* FeaturedTabView.swift */; };
		6226D7F2263491F0003E5AE5 /* CategoryModel.swift in Sources */ = {isa = PBXBuildFile; fileRef = 6226D7F1263491F0003E5AE5 /* CategoryModel.swift */; };
		6226D7F526349458003E5AE5 /* CategoryItemView.swift in Sources */ = {isa = PBXBuildFile; fileRef = 6226D7F426349458003E5AE5 /* CategoryItemView.swift */; };
		6226D7F8263497E3003E5AE5 /* CategoryGridView.swift in Sources */ = {isa = PBXBuildFile; fileRef = 6226D7F7263497E3003E5AE5 /* CategoryGridView.swift */; };
		6226D7FB26349A4E003E5AE5 /* SectionView.swift in Sources */ = {isa = PBXBuildFile; fileRef = 6226D7FA26349A4E003E5AE5 /* SectionView.swift */; };
		6226D7FE2634A3EA003E5AE5 /* TitleView.swift in Sources */ = {isa = PBXBuildFile; fileRef = 6226D7FD2634A3EA003E5AE5 /* TitleView.swift */; };
		6226D8012634A518003E5AE5 /* ProductModel.swift in Sources */ = {isa = PBXBuildFile; fileRef = 6226D8002634A518003E5AE5 /* ProductModel.swift */; };
		6226D8042634A5CA003E5AE5 /* ProductItemView.swift in Sources */ = {isa = PBXBuildFile; fileRef = 6226D8032634A5CA003E5AE5 /* ProductItemView.swift */; };
		6226D8072634ABE0003E5AE5 /* BrandModel.swift in Sources */ = {isa = PBXBuildFile; fileRef = 6226D8062634ABE0003E5AE5 /* BrandModel.swift */; };
		6226D80A2634AC94003E5AE5 /* BrandItemView.swift in Sources */ = {isa = PBXBuildFile; fileRef = 6226D8092634AC94003E5AE5 /* BrandItemView.swift */; };
		6226D80D2634AE04003E5AE5 /* BrandGridView.swift in Sources */ = {isa = PBXBuildFile; fileRef = 6226D80C2634AE04003E5AE5 /* BrandGridView.swift */; };
/* End PBXBuildFile section */

/* Begin PBXFileReference section */
		620A2D072632ED4A004A9AFE /* Touchdown.app */ = {isa = PBXFileReference; explicitFileType = wrapper.application; includeInIndex = 0; path = Touchdown.app; sourceTree = BUILT_PRODUCTS_DIR; };
		620A2D0A2632ED4A004A9AFE /* TouchdownApp.swift */ = {isa = PBXFileReference; lastKnownFileType = sourcecode.swift; path = TouchdownApp.swift; sourceTree = "<group>"; };
		620A2D0C2632ED4A004A9AFE /* ContentView.swift */ = {isa = PBXFileReference; lastKnownFileType = sourcecode.swift; path = ContentView.swift; sourceTree = "<group>"; };
		620A2D0E2632ED4C004A9AFE /* Assets.xcassets */ = {isa = PBXFileReference; lastKnownFileType = folder.assetcatalog; path = Assets.xcassets; sourceTree = "<group>"; };
		620A2D112632ED4C004A9AFE /* Preview Assets.xcassets */ = {isa = PBXFileReference; lastKnownFileType = folder.assetcatalog; path = "Preview Assets.xcassets"; sourceTree = "<group>"; };
		620A2D132632ED4C004A9AFE /* Info.plist */ = {isa = PBXFileReference; lastKnownFileType = text.plist.xml; path = Info.plist; sourceTree = "<group>"; };
		620A2D1A2632EEE6004A9AFE /* product.json */ = {isa = PBXFileReference; fileEncoding = 4; lastKnownFileType = text.json; path = product.json; sourceTree = "<group>"; };
		620A2D1B2632EEE6004A9AFE /* category.json */ = {isa = PBXFileReference; fileEncoding = 4; lastKnownFileType = text.json; path = category.json; sourceTree = "<group>"; };
		620A2D1C2632EEE6004A9AFE /* player.json */ = {isa = PBXFileReference; fileEncoding = 4; lastKnownFileType = text.json; path = player.json; sourceTree = "<group>"; };
		620A2D1D2632EEE6004A9AFE /* brand.json */ = {isa = PBXFileReference; fileEncoding = 4; lastKnownFileType = text.json; path = brand.json; sourceTree = "<group>"; };
		620A2D2F2632F335004A9AFE /* Constant.swift */ = {isa = PBXFileReference; lastKnownFileType = sourcecode.swift; path = Constant.swift; sourceTree = "<group>"; };
		620A2D322632F450004A9AFE /* FooterView.swift */ = {isa = PBXFileReference; lastKnownFileType = sourcecode.swift; path = FooterView.swift; sourceTree = "<group>"; };
		620A2D352632FADF004A9AFE /* NavigationBarView.swift */ = {isa = PBXFileReference; lastKnownFileType = sourcecode.swift; path = NavigationBarView.swift; sourceTree = "<group>"; };
		620A2D382632FCF6004A9AFE /* LogoView.swift */ = {isa = PBXFileReference; lastKnownFileType = sourcecode.swift; path = LogoView.swift; sourceTree = "<group>"; };
		620A2D3B263308FD004A9AFE /* PlayerModel.swift */ = {isa = PBXFileReference; lastKnownFileType = sourcecode.swift; path = PlayerModel.swift; sourceTree = "<group>"; };
		620A2D3E26330B37004A9AFE /* CodableBundleExtension.swift */ = {isa = PBXFileReference; lastKnownFileType = sourcecode.swift; path = CodableBundleExtension.swift; sourceTree = "<group>"; };
		620A2D4126330DFC004A9AFE /* FeaturedItemView.swift */ = {isa = PBXFileReference; lastKnownFileType = sourcecode.swift; path = FeaturedItemView.swift; sourceTree = "<group>"; };
		620A2D452633102B004A9AFE /* FeaturedTabView.swift */ = {isa = PBXFileReference; lastKnownFileType = sourcecode.swift; path = FeaturedTabView.swift; sourceTree = "<group>"; };
		6226D7F1263491F0003E5AE5 /* CategoryModel.swift */ = {isa = PBXFileReference; lastKnownFileType = sourcecode.swift; path = CategoryModel.swift; sourceTree = "<group>"; };
		6226D7F426349458003E5AE5 /* CategoryItemView.swift */ = {isa = PBXFileReference; lastKnownFileType = sourcecode.swift; path = CategoryItemView.swift; sourceTree = "<group>"; };
		6226D7F7263497E3003E5AE5 /* CategoryGridView.swift */ = {isa = PBXFileReference; lastKnownFileType = sourcecode.swift; path = CategoryGridView.swift; sourceTree = "<group>"; };
		6226D7FA26349A4E003E5AE5 /* SectionView.swift */ = {isa = PBXFileReference; lastKnownFileType = sourcecode.swift; path = SectionView.swift; sourceTree = "<group>"; };
		6226D7FD2634A3EA003E5AE5 /* TitleView.swift */ = {isa = PBXFileReference; lastKnownFileType = sourcecode.swift; path = TitleView.swift; sourceTree = "<group>"; };
		6226D8002634A518003E5AE5 /* ProductModel.swift */ = {isa = PBXFileReference; lastKnownFileType = sourcecode.swift; path = ProductModel.swift; sourceTree = "<group>"; };
		6226D8032634A5CA003E5AE5 /* ProductItemView.swift */ = {isa = PBXFileReference; lastKnownFileType = sourcecode.swift; path = ProductItemView.swift; sourceTree = "<group>"; };
		6226D8062634ABE0003E5AE5 /* BrandModel.swift */ = {isa = PBXFileReference; lastKnownFileType = sourcecode.swift; path = BrandModel.swift; sourceTree = "<group>"; };
		6226D8092634AC94003E5AE5 /* BrandItemView.swift */ = {isa = PBXFileReference; lastKnownFileType = sourcecode.swift; path = BrandItemView.swift; sourceTree = "<group>"; };
		6226D80C2634AE04003E5AE5 /* BrandGridView.swift */ = {isa = PBXFileReference; lastKnownFileType = sourcecode.swift; path = BrandGridView.swift; sourceTree = "<group>"; };
/* End PBXFileReference section */

/* Begin PBXFrameworksBuildPhase section */
		620A2D042632ED4A004A9AFE /* Frameworks */ = {
			isa = PBXFrameworksBuildPhase;
			buildActionMask = 2147483647;
			files = (
			);
			runOnlyForDeploymentPostprocessing = 0;
		};
/* End PBXFrameworksBuildPhase section */

/* Begin PBXGroup section */
		620A2CFE2632ED4A004A9AFE = {
			isa = PBXGroup;
			children = (
				620A2D092632ED4A004A9AFE /* Touchdown */,
				620A2D082632ED4A004A9AFE /* Products */,
			);
			sourceTree = "<group>";
		};
		620A2D082632ED4A004A9AFE /* Products */ = {
			isa = PBXGroup;
			children = (
				620A2D072632ED4A004A9AFE /* Touchdown.app */,
			);
			name = Products;
			sourceTree = "<group>";
		};
		620A2D092632ED4A004A9AFE /* Touchdown */ = {
			isa = PBXGroup;
			children = (
				620A2D272632F1DF004A9AFE /* App */,
				620A2D252632EF16004A9AFE /* Data */,
				620A2D2D2632F215004A9AFE /* Extesion */,
				620A2D2C2632F20F004A9AFE /* Model */,
				620A2D2E2632F21F004A9AFE /* Utility */,
				620A2D292632F1ED004A9AFE /* View */,
				620A2D0E2632ED4C004A9AFE /* Assets.xcassets */,
				620A2D132632ED4C004A9AFE /* Info.plist */,
				620A2D102632ED4C004A9AFE /* Preview Content */,
			);
			path = Touchdown;
			sourceTree = "<group>";
		};
		620A2D102632ED4C004A9AFE /* Preview Content */ = {
			isa = PBXGroup;
			children = (
				620A2D112632ED4C004A9AFE /* Preview Assets.xcassets */,
			);
			path = "Preview Content";
			sourceTree = "<group>";
		};
		620A2D252632EF16004A9AFE /* Data */ = {
			isa = PBXGroup;
			children = (
				620A2D1D2632EEE6004A9AFE /* brand.json */,
				620A2D1B2632EEE6004A9AFE /* category.json */,
				620A2D1C2632EEE6004A9AFE /* player.json */,
				620A2D1A2632EEE6004A9AFE /* product.json */,
			);
			path = Data;
			sourceTree = "<group>";
		};
		620A2D272632F1DF004A9AFE /* App */ = {
			isa = PBXGroup;
			children = (
				620A2D0A2632ED4A004A9AFE /* TouchdownApp.swift */,
				620A2D0C2632ED4A004A9AFE /* ContentView.swift */,
			);
			path = App;
			sourceTree = "<group>";
		};
		620A2D292632F1ED004A9AFE /* View */ = {
			isa = PBXGroup;
			children = (
				620A2D2B2632F205004A9AFE /* Detail */,
				620A2D2A2632F201004A9AFE /* Home */,
			);
			path = View;
			sourceTree = "<group>";
		};
		620A2D2A2632F201004A9AFE /* Home */ = {
			isa = PBXGroup;
			children = (
				620A2D4126330DFC004A9AFE /* FeaturedItemView.swift */,
				620A2D322632F450004A9AFE /* FooterView.swift */,
				620A2D382632FCF6004A9AFE /* LogoView.swift */,
				620A2D352632FADF004A9AFE /* NavigationBarView.swift */,
				620A2D452633102B004A9AFE /* FeaturedTabView.swift */,
				6226D7F426349458003E5AE5 /* CategoryItemView.swift */,
				6226D7F7263497E3003E5AE5 /* CategoryGridView.swift */,
				6226D7FA26349A4E003E5AE5 /* SectionView.swift */,
				6226D7FD2634A3EA003E5AE5 /* TitleView.swift */,
				6226D8032634A5CA003E5AE5 /* ProductItemView.swift */,
				6226D8092634AC94003E5AE5 /* BrandItemView.swift */,
				6226D80C2634AE04003E5AE5 /* BrandGridView.swift */,
			);
			path = Home;
			sourceTree = "<group>";
		};
		620A2D2B2632F205004A9AFE /* Detail */ = {
			isa = PBXGroup;
			children = (
			);
			path = Detail;
			sourceTree = "<group>";
		};
		620A2D2C2632F20F004A9AFE /* Model */ = {
			isa = PBXGroup;
			children = (
				620A2D3B263308FD004A9AFE /* PlayerModel.swift */,
				6226D7F1263491F0003E5AE5 /* CategoryModel.swift */,
				6226D8002634A518003E5AE5 /* ProductModel.swift */,
				6226D8062634ABE0003E5AE5 /* BrandModel.swift */,
			);
			path = Model;
			sourceTree = "<group>";
		};
		620A2D2D2632F215004A9AFE /* Extesion */ = {
			isa = PBXGroup;
			children = (
				620A2D3E26330B37004A9AFE /* CodableBundleExtension.swift */,
			);
			path = Extesion;
			sourceTree = "<group>";
		};
		620A2D2E2632F21F004A9AFE /* Utility */ = {
			isa = PBXGroup;
			children = (
				620A2D2F2632F335004A9AFE /* Constant.swift */,
			);
			path = Utility;
			sourceTree = "<group>";
		};
/* End PBXGroup section */

/* Begin PBXNativeTarget section */
		620A2D062632ED4A004A9AFE /* Touchdown */ = {
			isa = PBXNativeTarget;
			buildConfigurationList = 620A2D162632ED4C004A9AFE /* Build configuration list for PBXNativeTarget "Touchdown" */;
			buildPhases = (
				620A2D032632ED4A004A9AFE /* Sources */,
				620A2D042632ED4A004A9AFE /* Frameworks */,
				620A2D052632ED4A004A9AFE /* Resources */,
			);
			buildRules = (
			);
			dependencies = (
			);
			name = Touchdown;
			productName = Touchdown;
			productReference = 620A2D072632ED4A004A9AFE /* Touchdown.app */;
			productType = "com.apple.product-type.application";
		};
/* End PBXNativeTarget section */

/* Begin PBXProject section */
		620A2CFF2632ED4A004A9AFE /* Project object */ = {
			isa = PBXProject;
			attributes = {
				LastSwiftUpdateCheck = 1240;
				LastUpgradeCheck = 1240;
				TargetAttributes = {
					620A2D062632ED4A004A9AFE = {
						CreatedOnToolsVersion = 12.4;
					};
				};
			};
			buildConfigurationList = 620A2D022632ED4A004A9AFE /* Build configuration list for PBXProject "Touchdown" */;
			compatibilityVersion = "Xcode 9.3";
			developmentRegion = en;
			hasScannedForEncodings = 0;
			knownRegions = (
				en,
				Base,
			);
			mainGroup = 620A2CFE2632ED4A004A9AFE;
			productRefGroup = 620A2D082632ED4A004A9AFE /* Products */;
			projectDirPath = "";
			projectRoot = "";
			targets = (
				620A2D062632ED4A004A9AFE /* Touchdown */,
			);
		};
/* End PBXProject section */

/* Begin PBXResourcesBuildPhase section */
		620A2D052632ED4A004A9AFE /* Resources */ = {
			isa = PBXResourcesBuildPhase;
			buildActionMask = 2147483647;
			files = (
				620A2D202632EEE6004A9AFE /* player.json in Resources */,
				620A2D122632ED4C004A9AFE /* Preview Assets.xcassets in Resources */,
				620A2D0F2632ED4C004A9AFE /* Assets.xcassets in Resources */,
				620A2D1E2632EEE6004A9AFE /* product.json in Resources */,
				620A2D1F2632EEE6004A9AFE /* category.json in Resources */,
				620A2D212632EEE6004A9AFE /* brand.json in Resources */,
			);
			runOnlyForDeploymentPostprocessing = 0;
		};
/* End PBXResourcesBuildPhase section */

/* Begin PBXSourcesBuildPhase section */
		620A2D032632ED4A004A9AFE /* Sources */ = {
			isa = PBXSourcesBuildPhase;
			buildActionMask = 2147483647;
			files = (
				620A2D3F26330B37004A9AFE /* CodableBundleExtension.swift in Sources */,
				620A2D0D2632ED4A004A9AFE /* ContentView.swift in Sources */,
				620A2D392632FCF6004A9AFE /* LogoView.swift in Sources */,
				620A2D332632F450004A9AFE /* FooterView.swift in Sources */,
				620A2D4226330DFC004A9AFE /* FeaturedItemView.swift in Sources */,
				6226D8042634A5CA003E5AE5 /* ProductItemView.swift in Sources */,
				6226D80D2634AE04003E5AE5 /* BrandGridView.swift in Sources */,
				620A2D0B2632ED4A004A9AFE /* TouchdownApp.swift in Sources */,
				620A2D302632F335004A9AFE /* Constant.swift in Sources */,
				6226D7F8263497E3003E5AE5 /* CategoryGridView.swift in Sources */,
				6226D7F2263491F0003E5AE5 /* CategoryModel.swift in Sources */,
				620A2D362632FADF004A9AFE /* NavigationBarView.swift in Sources */,
				6226D7FB26349A4E003E5AE5 /* SectionView.swift in Sources */,
				6226D80A2634AC94003E5AE5 /* BrandItemView.swift in Sources */,
				6226D7F526349458003E5AE5 /* CategoryItemView.swift in Sources */,
				620A2D462633102B004A9AFE /* FeaturedTabView.swift in Sources */,
				620A2D3C263308FD004A9AFE /* PlayerModel.swift in Sources */,
				6226D8072634ABE0003E5AE5 /* BrandModel.swift in Sources */,
				6226D7FE2634A3EA003E5AE5 /* TitleView.swift in Sources */,
				6226D8012634A518003E5AE5 /* ProductModel.swift in Sources */,
			);
			runOnlyForDeploymentPostprocessing = 0;
		};
/* End PBXSourcesBuildPhase section */

/* Begin XCBuildConfiguration section */
		620A2D142632ED4C004A9AFE /* Debug */ = {
			isa = XCBuildConfiguration;
			buildSettings = {
				ALWAYS_SEARCH_USER_PATHS = NO;
				CLANG_ANALYZER_NONNULL = YES;
				CLANG_ANALYZER_NUMBER_OBJECT_CONVERSION = YES_AGGRESSIVE;
				CLANG_CXX_LANGUAGE_STANDARD = "gnu++14";
				CLANG_CXX_LIBRARY = "libc++";
				CLANG_ENABLE_MODULES = YES;
				CLANG_ENABLE_OBJC_ARC = YES;
				CLANG_ENABLE_OBJC_WEAK = YES;
				CLANG_WARN_BLOCK_CAPTURE_AUTORELEASING = YES;
				CLANG_WARN_BOOL_CONVERSION = YES;
				CLANG_WARN_COMMA = YES;
				CLANG_WARN_CONSTANT_CONVERSION = YES;
				CLANG_WARN_DEPRECATED_OBJC_IMPLEMENTATIONS = YES;
				CLANG_WARN_DIRECT_OBJC_ISA_USAGE = YES_ERROR;
				CLANG_WARN_DOCUMENTATION_COMMENTS = YES;
				CLANG_WARN_EMPTY_BODY = YES;
				CLANG_WARN_ENUM_CONVERSION = YES;
				CLANG_WARN_INFINITE_RECURSION = YES;
				CLANG_WARN_INT_CONVERSION = YES;
				CLANG_WARN_NON_LITERAL_NULL_CONVERSION = YES;
				CLANG_WARN_OBJC_IMPLICIT_RETAIN_SELF = YES;
				CLANG_WARN_OBJC_LITERAL_CONVERSION = YES;
				CLANG_WARN_OBJC_ROOT_CLASS = YES_ERROR;
				CLANG_WARN_QUOTED_INCLUDE_IN_FRAMEWORK_HEADER = YES;
				CLANG_WARN_RANGE_LOOP_ANALYSIS = YES;
				CLANG_WARN_STRICT_PROTOTYPES = YES;
				CLANG_WARN_SUSPICIOUS_MOVE = YES;
				CLANG_WARN_UNGUARDED_AVAILABILITY = YES_AGGRESSIVE;
				CLANG_WARN_UNREACHABLE_CODE = YES;
				CLANG_WARN__DUPLICATE_METHOD_MATCH = YES;
				COPY_PHASE_STRIP = NO;
				DEBUG_INFORMATION_FORMAT = dwarf;
				ENABLE_STRICT_OBJC_MSGSEND = YES;
				ENABLE_TESTABILITY = YES;
				GCC_C_LANGUAGE_STANDARD = gnu11;
				GCC_DYNAMIC_NO_PIC = NO;
				GCC_NO_COMMON_BLOCKS = YES;
				GCC_OPTIMIZATION_LEVEL = 0;
				GCC_PREPROCESSOR_DEFINITIONS = (
					"DEBUG=1",
					"$(inherited)",
				);
				GCC_WARN_64_TO_32_BIT_CONVERSION = YES;
				GCC_WARN_ABOUT_RETURN_TYPE = YES_ERROR;
				GCC_WARN_UNDECLARED_SELECTOR = YES;
				GCC_WARN_UNINITIALIZED_AUTOS = YES_AGGRESSIVE;
				GCC_WARN_UNUSED_FUNCTION = YES;
				GCC_WARN_UNUSED_VARIABLE = YES;
				IPHONEOS_DEPLOYMENT_TARGET = 14.4;
				MTL_ENABLE_DEBUG_INFO = INCLUDE_SOURCE;
				MTL_FAST_MATH = YES;
				ONLY_ACTIVE_ARCH = YES;
				SDKROOT = iphoneos;
				SWIFT_ACTIVE_COMPILATION_CONDITIONS = DEBUG;
				SWIFT_OPTIMIZATION_LEVEL = "-Onone";
			};
			name = Debug;
		};
		620A2D152632ED4C004A9AFE /* Release */ = {
			isa = XCBuildConfiguration;
			buildSettings = {
				ALWAYS_SEARCH_USER_PATHS = NO;
				CLANG_ANALYZER_NONNULL = YES;
				CLANG_ANALYZER_NUMBER_OBJECT_CONVERSION = YES_AGGRESSIVE;
				CLANG_CXX_LANGUAGE_STANDARD = "gnu++14";
				CLANG_CXX_LIBRARY = "libc++";
				CLANG_ENABLE_MODULES = YES;
				CLANG_ENABLE_OBJC_ARC = YES;
				CLANG_ENABLE_OBJC_WEAK = YES;
				CLANG_WARN_BLOCK_CAPTURE_AUTORELEASING = YES;
				CLANG_WARN_BOOL_CONVERSION = YES;
				CLANG_WARN_COMMA = YES;
				CLANG_WARN_CONSTANT_CONVERSION = YES;
				CLANG_WARN_DEPRECATED_OBJC_IMPLEMENTATIONS = YES;
				CLANG_WARN_DIRECT_OBJC_ISA_USAGE = YES_ERROR;
				CLANG_WARN_DOCUMENTATION_COMMENTS = YES;
				CLANG_WARN_EMPTY_BODY = YES;
				CLANG_WARN_ENUM_CONVERSION = YES;
				CLANG_WARN_INFINITE_RECURSION = YES;
				CLANG_WARN_INT_CONVERSION = YES;
				CLANG_WARN_NON_LITERAL_NULL_CONVERSION = YES;
				CLANG_WARN_OBJC_IMPLICIT_RETAIN_SELF = YES;
				CLANG_WARN_OBJC_LITERAL_CONVERSION = YES;
				CLANG_WARN_OBJC_ROOT_CLASS = YES_ERROR;
				CLANG_WARN_QUOTED_INCLUDE_IN_FRAMEWORK_HEADER = YES;
				CLANG_WARN_RANGE_LOOP_ANALYSIS = YES;
				CLANG_WARN_STRICT_PROTOTYPES = YES;
				CLANG_WARN_SUSPICIOUS_MOVE = YES;
				CLANG_WARN_UNGUARDED_AVAILABILITY = YES_AGGRESSIVE;
				CLANG_WARN_UNREACHABLE_CODE = YES;
				CLANG_WARN__DUPLICATE_METHOD_MATCH = YES;
				COPY_PHASE_STRIP = NO;
				DEBUG_INFORMATION_FORMAT = "dwarf-with-dsym";
				ENABLE_NS_ASSERTIONS = NO;
				ENABLE_STRICT_OBJC_MSGSEND = YES;
				GCC_C_LANGUAGE_STANDARD = gnu11;
				GCC_NO_COMMON_BLOCKS = YES;
				GCC_WARN_64_TO_32_BIT_CONVERSION = YES;
				GCC_WARN_ABOUT_RETURN_TYPE = YES_ERROR;
				GCC_WARN_UNDECLARED_SELECTOR = YES;
				GCC_WARN_UNINITIALIZED_AUTOS = YES_AGGRESSIVE;
				GCC_WARN_UNUSED_FUNCTION = YES;
				GCC_WARN_UNUSED_VARIABLE = YES;
				IPHONEOS_DEPLOYMENT_TARGET = 14.4;
				MTL_ENABLE_DEBUG_INFO = NO;
				MTL_FAST_MATH = YES;
				SDKROOT = iphoneos;
				SWIFT_COMPILATION_MODE = wholemodule;
				SWIFT_OPTIMIZATION_LEVEL = "-O";
				VALIDATE_PRODUCT = YES;
			};
			name = Release;
		};
		620A2D172632ED4C004A9AFE /* Debug */ = {
			isa = XCBuildConfiguration;
			buildSettings = {
				ASSETCATALOG_COMPILER_APPICON_NAME = AppIcon;
				ASSETCATALOG_COMPILER_GLOBAL_ACCENT_COLOR_NAME = AccentColor;
				CODE_SIGN_STYLE = Automatic;
				DEVELOPMENT_ASSET_PATHS = "\"Touchdown/Preview Content\"";
				DEVELOPMENT_TEAM = QGQ6W4JWGM;
				ENABLE_PREVIEWS = YES;
				INFOPLIST_FILE = Touchdown/Info.plist;
				IPHONEOS_DEPLOYMENT_TARGET = 14.0;
				LD_RUNPATH_SEARCH_PATHS = (
					"$(inherited)",
					"@executable_path/Frameworks",
				);
				PRODUCT_BUNDLE_IDENTIFIER = app.a1softwares.Touchdown;
				PRODUCT_NAME = "$(TARGET_NAME)";
				SWIFT_VERSION = 5.0;
				TARGETED_DEVICE_FAMILY = "1,2";
			};
			name = Debug;
		};
		620A2D182632ED4C004A9AFE /* Release */ = {
			isa = XCBuildConfiguration;
			buildSettings = {
				ASSETCATALOG_COMPILER_APPICON_NAME = AppIcon;
				ASSETCATALOG_COMPILER_GLOBAL_ACCENT_COLOR_NAME = AccentColor;
				CODE_SIGN_STYLE = Automatic;
				DEVELOPMENT_ASSET_PATHS = "\"Touchdown/Preview Content\"";
				DEVELOPMENT_TEAM = QGQ6W4JWGM;
				ENABLE_PREVIEWS = YES;
				INFOPLIST_FILE = Touchdown/Info.plist;
				IPHONEOS_DEPLOYMENT_TARGET = 14.0;
				LD_RUNPATH_SEARCH_PATHS = (
					"$(inherited)",
					"@executable_path/Frameworks",
				);
				PRODUCT_BUNDLE_IDENTIFIER = app.a1softwares.Touchdown;
				PRODUCT_NAME = "$(TARGET_NAME)";
				SWIFT_VERSION = 5.0;
				TARGETED_DEVICE_FAMILY = "1,2";
			};
			name = Release;
		};
/* End XCBuildConfiguration section */

/* Begin XCConfigurationList section */
		620A2D022632ED4A004A9AFE /* Build configuration list for PBXProject "Touchdown" */ = {
			isa = XCConfigurationList;
			buildConfigurations = (
				620A2D142632ED4C004A9AFE /* Debug */,
				620A2D152632ED4C004A9AFE /* Release */,
			);
			defaultConfigurationIsVisible = 0;
			defaultConfigurationName = Release;
		};
		620A2D162632ED4C004A9AFE /* Build configuration list for PBXNativeTarget "Touchdown" */ = {
			isa = XCConfigurationList;
			buildConfigurations = (
				620A2D172632ED4C004A9AFE /* Debug */,
				620A2D182632ED4C004A9AFE /* Release */,
			);
			defaultConfigurationIsVisible = 0;
			defaultConfigurationName = Release;
		};
/* End XCConfigurationList section */
	};
	rootObject = 620A2CFF2632ED4A004A9AFE /* Project object */;
}
